
Microsoft Visual Studio Solution File, Format Version 12.00
# Visual Studio Version 17
VisualStudioVersion = 17.11.35312.102
MinimumVisualStudioVersion = 10.0.40219.1
Project("{FAE04EC0-301F-11D3-BF4B-00C04F79EFBC}") = "Inance", "Inance\Inance.csproj", "{D5FA0AAF-5EE7-4065-9D19-BD4FEACAFF31}"
EndProject
Global
	GlobalSection(SolutionConfigurationPlatforms) = preSolution
		Debug|Any CPU = Debug|Any CPU
		Release|Any CPU = Release|Any CPU
	EndGlobalSection
	GlobalSection(ProjectConfigurationPlatforms) = postSolution
		{D5FA0AAF-5EE7-4065-9D19-BD4FEACAFF31}.Debug|Any CPU.ActiveCfg = Debug|Any CPU
		{D5FA0AAF-5EE7-4065-9D19-BD4FEACAFF31}.Debug|Any CPU.Build.0 = Debug|Any CPU
		{D5FA0AAF-5EE7-4065-9D19-BD4FEACAFF31}.Release|Any CPU.ActiveCfg = Release|Any CPU
		{D5FA0AAF-5EE7-4065-9D19-BD4FEACAFF31}.Release|Any CPU.Build.0 = Release|Any CPU
	EndGlobalSection
	GlobalSection(SolutionProperties) = preSolution
		HideSolutionNode = FALSE
	EndGlobalSection
	GlobalSection(ExtensibilityGlobals) = postSolution
		SolutionGuid = {F35294AA-E1E2-400D-A00B-396BF1FED94C}
	EndGlobalSection
EndGlobal
